# This file was autogenerated by Stack.
# You should not edit this file by hand.
# For more information, please see the documentation at:
#   https://docs.haskellstack.org/en/stable/lock_files

packages:
- completed:
    hackage: butcher-1.3.2.2@sha256:6a5eeed3afe773b8b3f8e0457b8a7b3bb6c8ea7f79ea9d13c3af8a9965c91987,3264
    pantry-tree:
      size: 1197
      sha256: fb6bcc37a5d642b1303225a1af51961157e0ddbc209ca912a1f00fdd59d32ed2
  original:
    hackage: butcher-1.3.2.2
- completed:
    hackage: multistate-0.8.0.2@sha256:fbb0d8ade9ef73c8ed92488f5804d0ebe75d3a9c24bf53452bc3a4f32b34cb2e,3713
    pantry-tree:
      size: 2143
      sha256: 1753828d37b456e1e0241766d893b29f385ef7769fa79610f507b747935b77cb
  original:
    hackage: multistate-0.8.0.2
snapshots:
- completed:
    size: 525662
    url: https://raw.githubusercontent.com/commercialhaskell/stackage-snapshots/master/lts/14/15.yaml
    sha256: c5e673e5723931b64ef2eb5004f6d9ea3c95b58d48388dbc4de6f66b97c81f7a
  original: lts-14.15
